<?xml version="1.0" encoding="utf-8"?>
<Project ToolsVersion="4.0" xmlns="http://schemas.microsoft.com/developer/msbuild/2003">
  <ItemGroup>
    <Filter Include="Source Files">
      <UniqueIdentifier>{4FC737F1-C7A5-4376-A066-2A32D752A2FF}</UniqueIdentifier>
      <Extensions>cpp;c;cc;cxx;def;odl;idl;hpj;bat;asm;asmx</Extensions>
    </Filter>
    <Filter Include="Header Files">
      <UniqueIdentifier>{93995380-89BD-4b04-88EB-625FBE52EBFB}</UniqueIdentifier>
      <Extensions>h;hh;hpp;hxx;hm;inl;inc;ipp;xsd</Extensions>
    </Filter>
    <Filter Include="Resource Files">
      <UniqueIdentifier>{67DA6AB6-F800-4c08-8B7A-83BB121AAD01}</UniqueIdentifier>
      <Extensions>rc;ico;cur;bmp;dlg;rc2;rct;bin;rgs;gif;jpg;jpeg;jpe;resx;tiff;tif;png;wav;mfcribbon-ms</Extensions>
    </Filter>
    <Filter Include="Source Files\images">
      <UniqueIdentifier>{76bafb3e-74b6-4e7c-8d39-cf9071e0587f}</UniqueIdentifier>
    </Filter>
    <Filter Include="Source Files\filesystem">
      <UniqueIdentifier>{330f88ad-c96f-417f-8c47-898006864a95}</UniqueIdentifier>
    </Filter>
    <Filter Include="Source Files\sources">
      <UniqueIdentifier>{cd48c85e-4836-4985-b73e-03db7ebbef09}</UniqueIdentifier>
    </Filter>
    <Filter Include="Source Files\access">
      <UniqueIdentifier>{3f225a20-70c0-4f35-bd6e-96271b406656}</UniqueIdentifier>
    </Filter>
    <Filter Include="Source Files\helpers">
      <UniqueIdentifier>{2e9e3e0c-988e-4cb8-9e4b-90d3ab5cdcd9}</UniqueIdentifier>
    </Filter>
  </ItemGroup>
  <ItemGroup>
    <ClInclude Include="..\..\source\firy.hpp">
      <Filter>Source Files</Filter>
    </ClInclude>
    <ClInclude Include="..\..\source\images\d64.hpp">
      <Filter>Source Files\images</Filter>
    </ClInclude>
    <ClInclude Include="..\..\source\resources.hpp">
      <Filter>Source Files</Filter>
    </ClInclude>
    <ClInclude Include="..\..\source\filesystem\node.hpp">
      <Filter>Source Files\filesystem</Filter>
    </ClInclude>
    <ClInclude Include="..\..\source\filesystem\directory.hpp">
      <Filter>Source Files\filesystem</Filter>
    </ClInclude>
    <ClInclude Include="..\..\source\filesystem\file.hpp">
      <Filter>Source Files\filesystem</Filter>
    </ClInclude>
    <ClInclude Include="..\..\source\images\adf.hpp">
      <Filter>Source Files\images</Filter>
    </ClInclude>
    <ClInclude Include="..\..\source\images\fat.hpp">
      <Filter>Source Files\images</Filter>
    </ClInclude>
    <ClInclude Include="..\..\source\sources\source.hpp">
      <Filter>Source Files\sources</Filter>
    </ClInclude>
    <ClInclude Include="..\..\source\images\image.hpp">
      <Filter>Source Files\images</Filter>
    </ClInclude>
    <ClInclude Include="..\..\source\access\blocks.hpp">
      <Filter>Source Files\access</Filter>
    </ClInclude>
    <ClInclude Include="..\..\source\access\tracks.hpp">
      <Filter>Source Files\access</Filter>
    </ClInclude>
    <ClInclude Include="..\..\source\access\access.hpp">
      <Filter>Source Files\access</Filter>
    </ClInclude>
    <ClInclude Include="..\..\source\filesystem\filesystem.hpp">
      <Filter>Source Files\filesystem</Filter>
    </ClInclude>
    <ClInclude Include="..\..\source\buffer.hpp">
      <Filter>Source Files</Filter>
    </ClInclude>
    <ClInclude Include="..\..\source\helpers\dirty.hpp">
      <Filter>Source Files\helpers</Filter>
    </ClInclude>
    <ClInclude Include="..\..\source\helpers\datetime.hpp">
      <Filter>Source Files\helpers</Filter>
    </ClInclude>
    <ClInclude Include="..\..\source\options.hpp">
      <Filter>Source Files</Filter>
    </ClInclude>
    <ClInclude Include="..\..\source\console.hpp">
      <Filter>Source Files</Filter>
    </ClInclude>
    <ClInclude Include="..\..\source\sources\sourcefile.hpp">
      <Filter>Source Files\sources</Filter>
    </ClInclude>
    <ClInclude Include="..\..\source\access\accessunit.hpp">
      <Filter>Source Files\access</Filter>
    </ClInclude>
  </ItemGroup>
  <ItemGroup>
    <ClCompile Include="..\..\source\firy.cpp">
      <Filter>Source Files</Filter>
    </ClCompile>
    <ClCompile Include="..\..\source\images\d64.cpp">
      <Filter>Source Files\images</Filter>
    </ClCompile>
    <ClCompile Include="..\..\source\resources.cpp">
      <Filter>Source Files</Filter>
    </ClCompile>
    <ClCompile Include="..\..\source\images\adf.cpp">
      <Filter>Source Files\images</Filter>
    </ClCompile>
    <ClCompile Include="..\..\source\images\fat.cpp">
      <Filter>Source Files\images</Filter>
    </ClCompile>
    <ClCompile Include="..\..\source\sources\source.cpp">
      <Filter>Source Files\sources</Filter>
    </ClCompile>
    <ClCompile Include="..\..\source\images\image.cpp">
      <Filter>Source Files\images</Filter>
    </ClCompile>
    <ClCompile Include="..\..\source\access\blocks.cpp">
      <Filter>Source Files\access</Filter>
    </ClCompile>
    <ClCompile Include="..\..\source\access\tracks.cpp">
      <Filter>Source Files\access</Filter>
    </ClCompile>
    <ClCompile Include="..\..\source\filesystem\filesystem.cpp">
      <Filter>Source Files\filesystem</Filter>
    </ClCompile>
    <ClCompile Include="..\..\source\buffer.cpp">
      <Filter>Source Files</Filter>
    </ClCompile>
    <ClCompile Include="..\..\source\options.cpp">
      <Filter>Source Files</Filter>
    </ClCompile>
    <ClCompile Include="..\..\source\console.cpp">
      <Filter>Source Files</Filter>
    </ClCompile>
    <ClCompile Include="..\..\source\sources\sourcefile.cpp">
      <Filter>Source Files\sources</Filter>
    </ClCompile>
  </ItemGroup>
</Project>